
Microsoft Visual Studio Solution File, Format Version 12.00
# Visual Studio Version 16
VisualStudioVersion = 16.0.30523.141
MinimumVisualStudioVersion = 10.0.40219.1
Project("{FAE04EC0-301F-11D3-BF4B-00C04F79EFBC}") = "TaskManagement.Domain", "TaskManagement.Domain\TaskManagement.Domain.csproj", "{B126D635-3D2C-40AA-84B8-57FC4BE98785}"
EndProject
Project("{FAE04EC0-301F-11D3-BF4B-00C04F79EFBC}") = "TaskManagement.EntityFramework", "TaskManagement.EntityFramework\TaskManagement.EntityFramework.csproj", "{133A1BA7-36F4-42D8-94DC-1EDC8C3FADF5}"
EndProject
Project("{FAE04EC0-301F-11D3-BF4B-00C04F79EFBC}") = "TaskManagement.WPF", "TaskManagement.WPF\TaskManagement.WPF.csproj", "{0F983FAE-DF9E-4AC8-A0E2-5F6D77ECF91B}"
EndProject
Global
	GlobalSection(SolutionConfigurationPlatforms) = preSolution
		Debug|Any CPU = Debug|Any CPU
		Release|Any CPU = Release|Any CPU
	EndGlobalSection
	GlobalSection(ProjectConfigurationPlatforms) = postSolution
		{B126D635-3D2C-40AA-84B8-57FC4BE98785}.Debug|Any CPU.ActiveCfg = Debug|Any CPU
		{B126D635-3D2C-40AA-84B8-57FC4BE98785}.Debug|Any CPU.Build.0 = Debug|Any CPU
		{B126D635-3D2C-40AA-84B8-57FC4BE98785}.Release|Any CPU.ActiveCfg = Release|Any CPU
		{B126D635-3D2C-40AA-84B8-57FC4BE98785}.Release|Any CPU.Build.0 = Release|Any CPU
		{133A1BA7-36F4-42D8-94DC-1EDC8C3FADF5}.Debug|Any CPU.ActiveCfg = Debug|Any CPU
		{133A1BA7-36F4-42D8-94DC-1EDC8C3FADF5}.Debug|Any CPU.Build.0 = Debug|Any CPU
		{133A1BA7-36F4-42D8-94DC-1EDC8C3FADF5}.Release|Any CPU.ActiveCfg = Release|Any CPU
		{133A1BA7-36F4-42D8-94DC-1EDC8C3FADF5}.Release|Any CPU.Build.0 = Release|Any CPU
		{0F983FAE-DF9E-4AC8-A0E2-5F6D77ECF91B}.Debug|Any CPU.ActiveCfg = Debug|Any CPU
		{0F983FAE-DF9E-4AC8-A0E2-5F6D77ECF91B}.Debug|Any CPU.Build.0 = Debug|Any CPU
		{0F983FAE-DF9E-4AC8-A0E2-5F6D77ECF91B}.Release|Any CPU.ActiveCfg = Release|Any CPU
		{0F983FAE-DF9E-4AC8-A0E2-5F6D77ECF91B}.Release|Any CPU.Build.0 = Release|Any CPU
	EndGlobalSection
	GlobalSection(SolutionProperties) = preSolution
		HideSolutionNode = FALSE
	EndGlobalSection
	GlobalSection(ExtensibilityGlobals) = postSolution
		SolutionGuid = {469A92F9-4635-460D-B311-EC0E64028E7F}
	EndGlobalSection
EndGlobal
