
Microsoft Visual Studio Solution File, Format Version 12.00
# Visual Studio Version 16
VisualStudioVersion = 16.0.30523.141
MinimumVisualStudioVersion = 10.0.40219.1
Project("{FAE04EC0-301F-11D3-BF4B-00C04F79EFBC}") = "TestTaskIBA", "TestTaskIBA\TestTaskIBA.csproj", "{40E7029A-5166-4791-ACE2-70765EB4CF0A}"
EndProject
Global
	GlobalSection(SolutionConfigurationPlatforms) = preSolution
		Debug|Any CPU = Debug|Any CPU
		Release|Any CPU = Release|Any CPU
	EndGlobalSection
	GlobalSection(ProjectConfigurationPlatforms) = postSolution
		{40E7029A-5166-4791-ACE2-70765EB4CF0A}.Debug|Any CPU.ActiveCfg = Debug|Any CPU
		{40E7029A-5166-4791-ACE2-70765EB4CF0A}.Debug|Any CPU.Build.0 = Debug|Any CPU
		{40E7029A-5166-4791-ACE2-70765EB4CF0A}.Release|Any CPU.ActiveCfg = Release|Any CPU
		{40E7029A-5166-4791-ACE2-70765EB4CF0A}.Release|Any CPU.Build.0 = Release|Any CPU
	EndGlobalSection
	GlobalSection(SolutionProperties) = preSolution
		HideSolutionNode = FALSE
	EndGlobalSection
	GlobalSection(ExtensibilityGlobals) = postSolution
		SolutionGuid = {2EA193E3-1A57-4E35-B6BE-823451650524}
	EndGlobalSection
EndGlobal
