
Microsoft Visual Studio Solution File, Format Version 12.00
# Visual Studio Version 16
VisualStudioVersion = 16.0.30523.141
MinimumVisualStudioVersion = 10.0.40219.1
Project("{FAE04EC0-301F-11D3-BF4B-00C04F79EFBC}") = "WpfMVVM", "WpfMVVM\WpfMVVM.csproj", "{F79069B6-CCED-480A-9A4B-36EC613C03FC}"
EndProject
Global
	GlobalSection(SolutionConfigurationPlatforms) = preSolution
		Debug|Any CPU = Debug|Any CPU
		Release|Any CPU = Release|Any CPU
	EndGlobalSection
	GlobalSection(ProjectConfigurationPlatforms) = postSolution
		{F79069B6-CCED-480A-9A4B-36EC613C03FC}.Debug|Any CPU.ActiveCfg = Debug|Any CPU
		{F79069B6-CCED-480A-9A4B-36EC613C03FC}.Debug|Any CPU.Build.0 = Debug|Any CPU
		{F79069B6-CCED-480A-9A4B-36EC613C03FC}.Release|Any CPU.ActiveCfg = Release|Any CPU
		{F79069B6-CCED-480A-9A4B-36EC613C03FC}.Release|Any CPU.Build.0 = Release|Any CPU
	EndGlobalSection
	GlobalSection(SolutionProperties) = preSolution
		HideSolutionNode = FALSE
	EndGlobalSection
	GlobalSection(ExtensibilityGlobals) = postSolution
		SolutionGuid = {C3DB2ACC-1889-4835-8AE8-C525A0EC7DAF}
	EndGlobalSection
EndGlobal
